// !$*UTF8*$!
{
	archiveVersion = 1;
	classes = {
	};
	objectVersion = 56;
	objects = {

/* Begin PBXBuildFile section */
		E53C5C0429E3C00C00CA6D6C /* AppDelegate.swift in Sources */ = {isa = PBXBuildFile; fileRef = E53C5C0329E3C00C00CA6D6C /* AppDelegate.swift */; };
		E53C5C0629E3C00C00CA6D6C /* SceneDelegate.swift in Sources */ = {isa = PBXBuildFile; fileRef = E53C5C0529E3C00C00CA6D6C /* SceneDelegate.swift */; };
		E53C5C0829E3C00C00CA6D6C /* ViewController.swift in Sources */ = {isa = PBXBuildFile; fileRef = E53C5C0729E3C00C00CA6D6C /* ViewController.swift */; };
		E53C5C0B29E3C00C00CA6D6C /* Main.storyboard in Resources */ = {isa = PBXBuildFile; fileRef = E53C5C0929E3C00C00CA6D6C /* Main.storyboard */; };
		E53C5C0D29E3C00D00CA6D6C /* Assets.xcassets in Resources */ = {isa = PBXBuildFile; fileRef = E53C5C0C29E3C00D00CA6D6C /* Assets.xcassets */; };
		E53C5C1029E3C00D00CA6D6C /* LaunchScreen.storyboard in Resources */ = {isa = PBXBuildFile; fileRef = E53C5C0E29E3C00D00CA6D6C /* LaunchScreen.storyboard */; };
/* End PBXBuildFile section */

/* Begin PBXFileReference section */
		E53C5C0029E3C00C00CA6D6C /* test8.app */ = {isa = PBXFileReference; explicitFileType = wrapper.application; includeInIndex = 0; path = test8.app; sourceTree = BUILT_PRODUCTS_DIR; };
		E53C5C0329E3C00C00CA6D6C /* AppDelegate.swift */ = {isa = PBXFileReference; lastKnownFileType = sourcecode.swift; path = AppDelegate.swift; sourceTree = "<group>"; };
		E53C5C0529E3C00C00CA6D6C /* SceneDelegate.swift */ = {isa = PBXFileReference; lastKnownFileType = sourcecode.swift; path = SceneDelegate.swift; sourceTree = "<group>"; };
		E53C5C0729E3C00C00CA6D6C /* ViewController.swift */ = {isa = PBXFileReference; lastKnownFileType = sourcecode.swift; path = ViewController.swift; sourceTree = "<group>"; };
		E53C5C0A29E3C00C00CA6D6C /* Base */ = {isa = PBXFileReference; lastKnownFileType = file.storyboard; name = Base; path = Base.lproj/Main.storyboard; sourceTree = "<group>"; };
		E53C5C0C29E3C00D00CA6D6C /* Assets.xcassets */ = {isa = PBXFileReference; lastKnownFileType = folder.assetcatalog; path = Assets.xcassets; sourceTree = "<group>"; };
		E53C5C0F29E3C00D00CA6D6C /* Base */ = {isa = PBXFileReference; lastKnownFileType = file.storyboard; name = Base; path = Base.lproj/LaunchScreen.storyboard; sourceTree = "<group>"; };
		E53C5C1129E3C00D00CA6D6C /* Info.plist */ = {isa = PBXFileReference; lastKnownFileType = text.plist.xml; path = Info.plist; sourceTree = "<group>"; };
/* End PBXFileReference section */

/* Begin PBXFrameworksBuildPhase section */
		E53C5BFD29E3C00C00CA6D6C /* Frameworks */ = {
			isa = PBXFrameworksBuildPhase;
			buildActionMask = 2147483647;
			files = (
			);
			runOnlyForDeploymentPostprocessing = 0;
		};
/* End PBXFrameworksBuildPhase section */

/* Begin PBXGroup section */
		E53C5BF729E3C00C00CA6D6C = {
			isa = PBXGroup;
			children = (
				E53C5C0229E3C00C00CA6D6C /* test8 */,
				E53C5C0129E3C00C00CA6D6C /* Products */,
			);
			sourceTree = "<group>";
		};
		E53C5C0129E3C00C00CA6D6C /* Products */ = {
			isa = PBXGroup;
			children = (
				E53C5C0029E3C00C00CA6D6C /* test8.app */,
			);
			name = Products;
			sourceTree = "<group>";
		};
		E53C5C0229E3C00C00CA6D6C /* test8 */ = {
			isa = PBXGroup;
			children = (
				E53C5C0329E3C00C00CA6D6C /* AppDelegate.swift */,
				E53C5C0529E3C00C00CA6D6C /* SceneDelegate.swift */,
				E53C5C0729E3C00C00CA6D6C /* ViewController.swift */,
				E53C5C0929E3C00C00CA6D6C /* Main.storyboard */,
				E53C5C0C29E3C00D00CA6D6C /* Assets.xcassets */,
				E53C5C0E29E3C00D00CA6D6C /* LaunchScreen.storyboard */,
				E53C5C1129E3C00D00CA6D6C /* Info.plist */,
			);
			path = test8;
			sourceTree = "<group>";
		};
/* End PBXGroup section */

/* Begin PBXNativeTarget section */
		E53C5BFF29E3C00C00CA6D6C /* test8 */ = {
			isa = PBXNativeTarget;
			buildConfigurationList = E53C5C1429E3C00D00CA6D6C /* Build configuration list for PBXNativeTarget "test8" */;
			buildPhases = (
				E53C5BFC29E3C00C00CA6D6C /* Sources */,
				E53C5BFD29E3C00C00CA6D6C /* Frameworks */,
				E53C5BFE29E3C00C00CA6D6C /* Resources */,
			);
			buildRules = (
			);
			dependencies = (
			);
			name = test8;
			productName = test8;
			productReference = E53C5C0029E3C00C00CA6D6C /* test8.app */;
			productType = "com.apple.product-type.application";
		};
/* End PBXNativeTarget section */

/* Begin PBXProject section */
		E53C5BF829E3C00C00CA6D6C /* Project object */ = {
			isa = PBXProject;
			attributes = {
				BuildIndependentTargetsInParallel = 1;
				LastSwiftUpdateCheck = 1420;
				LastUpgradeCheck = 1420;
				TargetAttributes = {
					E53C5BFF29E3C00C00CA6D6C = {
						CreatedOnToolsVersion = 14.2;
					};
				};
			};
			buildConfigurationList = E53C5BFB29E3C00C00CA6D6C /* Build configuration list for PBXProject "test8" */;
			compatibilityVersion = "Xcode 14.0";
			developmentRegion = en;
			hasScannedForEncodings = 0;
			knownRegions = (
				en,
				Base,
			);
			mainGroup = E53C5BF729E3C00C00CA6D6C;
			productRefGroup = E53C5C0129E3C00C00CA6D6C /* Products */;
			projectDirPath = "";
			projectRoot = "";
			targets = (
				E53C5BFF29E3C00C00CA6D6C /* test8 */,
			);
		};
/* End PBXProject section */

/* Begin PBXResourcesBuildPhase section */
		E53C5BFE29E3C00C00CA6D6C /* Resources */ = {
			isa = PBXResourcesBuildPhase;
			buildActionMask = 2147483647;
			files = (
				E53C5C1029E3C00D00CA6D6C /* LaunchScreen.storyboard in Resources */,
				E53C5C0D29E3C00D00CA6D6C /* Assets.xcassets in Resources */,
				E53C5C0B29E3C00C00CA6D6C /* Main.storyboard in Resources */,
			);
			runOnlyForDeploymentPostprocessing = 0;
		};
/* End PBXResourcesBuildPhase section */

/* Begin PBXSourcesBuildPhase section */
		E53C5BFC29E3C00C00CA6D6C /* Sources */ = {
			isa = PBXSourcesBuildPhase;
			buildActionMask = 2147483647;
			files = (
				E53C5C0829E3C00C00CA6D6C /* ViewController.swift in Sources */,
				E53C5C0429E3C00C00CA6D6C /* AppDelegate.swift in Sources */,
				E53C5C0629E3C00C00CA6D6C /* SceneDelegate.swift in Sources */,
			);
			runOnlyForDeploymentPostprocessing = 0;
		};
/* End PBXSourcesBuildPhase section */

/* Begin PBXVariantGroup section */
		E53C5C0929E3C00C00CA6D6C /* Main.storyboard */ = {
			isa = PBXVariantGroup;
			children = (
				E53C5C0A29E3C00C00CA6D6C /* Base */,
			);
			name = Main.storyboard;
			sourceTree = "<group>";
		};
		E53C5C0E29E3C00D00CA6D6C /* LaunchScreen.storyboard */ = {
			isa = PBXVariantGroup;
			children = (
				E53C5C0F29E3C00D00CA6D6C /* Base */,
			);
			name = LaunchScreen.storyboard;
			sourceTree = "<group>";
		};
/* End PBXVariantGroup section */

/* Begin XCBuildConfiguration section */
		E53C5C1229E3C00D00CA6D6C /* Debug */ = {
			isa = XCBuildConfiguration;
			buildSettings = {
				ALWAYS_SEARCH_USER_PATHS = NO;
				CLANG_ANALYZER_NONNULL = YES;
				CLANG_ANALYZER_NUMBER_OBJECT_CONVERSION = YES_AGGRESSIVE;
				CLANG_CXX_LANGUAGE_STANDARD = "gnu++20";
				CLANG_ENABLE_MODULES = YES;
				CLANG_ENABLE_OBJC_ARC = YES;
				CLANG_ENABLE_OBJC_WEAK = YES;
				CLANG_WARN_BLOCK_CAPTURE_AUTORELEASING = YES;
				CLANG_WARN_BOOL_CONVERSION = YES;
				CLANG_WARN_COMMA = YES;
				CLANG_WARN_CONSTANT_CONVERSION = YES;
				CLANG_WARN_DEPRECATED_OBJC_IMPLEMENTATIONS = YES;
				CLANG_WARN_DIRECT_OBJC_ISA_USAGE = YES_ERROR;
				CLANG_WARN_DOCUMENTATION_COMMENTS = YES;
				CLANG_WARN_EMPTY_BODY = YES;
				CLANG_WARN_ENUM_CONVERSION = YES;
				CLANG_WARN_INFINITE_RECURSION = YES;
				CLANG_WARN_INT_CONVERSION = YES;
				CLANG_WARN_NON_LITERAL_NULL_CONVERSION = YES;
				CLANG_WARN_OBJC_IMPLICIT_RETAIN_SELF = YES;
				CLANG_WARN_OBJC_LITERAL_CONVERSION = YES;
				CLANG_WARN_OBJC_ROOT_CLASS = YES_ERROR;
				CLANG_WARN_QUOTED_INCLUDE_IN_FRAMEWORK_HEADER = YES;
				CLANG_WARN_RANGE_LOOP_ANALYSIS = YES;
				CLANG_WARN_STRICT_PROTOTYPES = YES;
				CLANG_WARN_SUSPICIOUS_MOVE = YES;
				CLANG_WARN_UNGUARDED_AVAILABILITY = YES_AGGRESSIVE;
				CLANG_WARN_UNREACHABLE_CODE = YES;
				CLANG_WARN__DUPLICATE_METHOD_MATCH = YES;
				COPY_PHASE_STRIP = NO;
				DEBUG_INFORMATION_FORMAT = dwarf;
				ENABLE_STRICT_OBJC_MSGSEND = YES;
				ENABLE_TESTABILITY = YES;
				GCC_C_LANGUAGE_STANDARD = gnu11;
				GCC_DYNAMIC_NO_PIC = NO;
				GCC_NO_COMMON_BLOCKS = YES;
				GCC_OPTIMIZATION_LEVEL = 0;
				GCC_PREPROCESSOR_DEFINITIONS = (
					"DEBUG=1",
					"$(inherited)",
				);
				GCC_WARN_64_TO_32_BIT_CONVERSION = YES;
				GCC_WARN_ABOUT_RETURN_TYPE = YES_ERROR;
				GCC_WARN_UNDECLARED_SELECTOR = YES;
				GCC_WARN_UNINITIALIZED_AUTOS = YES_AGGRESSIVE;
				GCC_WARN_UNUSED_FUNCTION = YES;
				GCC_WARN_UNUSED_VARIABLE = YES;
				IPHONEOS_DEPLOYMENT_TARGET = 16.2;
				MTL_ENABLE_DEBUG_INFO = INCLUDE_SOURCE;
				MTL_FAST_MATH = YES;
				ONLY_ACTIVE_ARCH = YES;
				SDKROOT = iphoneos;
				SWIFT_ACTIVE_COMPILATION_CONDITIONS = DEBUG;
				SWIFT_OPTIMIZATION_LEVEL = "-Onone";
			};
			name = Debug;
		};
		E53C5C1329E3C00D00CA6D6C /* Release */ = {
			isa = XCBuildConfiguration;
			buildSettings = {
				ALWAYS_SEARCH_USER_PATHS = NO;
				CLANG_ANALYZER_NONNULL = YES;
				CLANG_ANALYZER_NUMBER_OBJECT_CONVERSION = YES_AGGRESSIVE;
				CLANG_CXX_LANGUAGE_STANDARD = "gnu++20";
				CLANG_ENABLE_MODULES = YES;
				CLANG_ENABLE_OBJC_ARC = YES;
				CLANG_ENABLE_OBJC_WEAK = YES;
				CLANG_WARN_BLOCK_CAPTURE_AUTORELEASING = YES;
				CLANG_WARN_BOOL_CONVERSION = YES;
				CLANG_WARN_COMMA = YES;
				CLANG_WARN_CONSTANT_CONVERSION = YES;
				CLANG_WARN_DEPRECATED_OBJC_IMPLEMENTATIONS = YES;
				CLANG_WARN_DIRECT_OBJC_ISA_USAGE = YES_ERROR;
				CLANG_WARN_DOCUMENTATION_COMMENTS = YES;
				CLANG_WARN_EMPTY_BODY = YES;
				CLANG_WARN_ENUM_CONVERSION = YES;
				CLANG_WARN_INFINITE_RECURSION = YES;
				CLANG_WARN_INT_CONVERSION = YES;
				CLANG_WARN_NON_LITERAL_NULL_CONVERSION = YES;
				CLANG_WARN_OBJC_IMPLICIT_RETAIN_SELF = YES;
				CLANG_WARN_OBJC_LITERAL_CONVERSION = YES;
				CLANG_WARN_OBJC_ROOT_CLASS = YES_ERROR;
				CLANG_WARN_QUOTED_INCLUDE_IN_FRAMEWORK_HEADER = YES;
				CLANG_WARN_RANGE_LOOP_ANALYSIS = YES;
				CLANG_WARN_STRICT_PROTOTYPES = YES;
				CLANG_WARN_SUSPICIOUS_MOVE = YES;
				CLANG_WARN_UNGUARDED_AVAILABILITY = YES_AGGRESSIVE;
				CLANG_WARN_UNREACHABLE_CODE = YES;
				CLANG_WARN__DUPLICATE_METHOD_MATCH = YES;
				COPY_PHASE_STRIP = NO;
				DEBUG_INFORMATION_FORMAT = "dwarf-with-dsym";
				ENABLE_NS_ASSERTIONS = NO;
				ENABLE_STRICT_OBJC_MSGSEND = YES;
				GCC_C_LANGUAGE_STANDARD = gnu11;
				GCC_NO_COMMON_BLOCKS = YES;
				GCC_WARN_64_TO_32_BIT_CONVERSION = YES;
				GCC_WARN_ABOUT_RETURN_TYPE = YES_ERROR;
				GCC_WARN_UNDECLARED_SELECTOR = YES;
				GCC_WARN_UNINITIALIZED_AUTOS = YES_AGGRESSIVE;
				GCC_WARN_UNUSED_FUNCTION = YES;
				GCC_WARN_UNUSED_VARIABLE = YES;
				IPHONEOS_DEPLOYMENT_TARGET = 16.2;
				MTL_ENABLE_DEBUG_INFO = NO;
				MTL_FAST_MATH = YES;
				SDKROOT = iphoneos;
				SWIFT_COMPILATION_MODE = wholemodule;
				SWIFT_OPTIMIZATION_LEVEL = "-O";
				VALIDATE_PRODUCT = YES;
			};
			name = Release;
		};
		E53C5C1529E3C00D00CA6D6C /* Debug */ = {
			isa = XCBuildConfiguration;
			buildSettings = {
				ASSETCATALOG_COMPILER_APPICON_NAME = AppIcon;
				ASSETCATALOG_COMPILER_GLOBAL_ACCENT_COLOR_NAME = AccentColor;
				CODE_SIGN_STYLE = Automatic;
				CURRENT_PROJECT_VERSION = 1;
				DEVELOPMENT_TEAM = W8P9UV99ZR;
				GENERATE_INFOPLIST_FILE = YES;
				INFOPLIST_FILE = test8/Info.plist;
				INFOPLIST_KEY_UIApplicationSupportsIndirectInputEvents = YES;
				INFOPLIST_KEY_UILaunchStoryboardName = LaunchScreen;
				INFOPLIST_KEY_UIMainStoryboardFile = Main;
				INFOPLIST_KEY_UISupportedInterfaceOrientations_iPad = "UIInterfaceOrientationPortrait UIInterfaceOrientationPortraitUpsideDown UIInterfaceOrientationLandscapeLeft UIInterfaceOrientationLandscapeRight";
				INFOPLIST_KEY_UISupportedInterfaceOrientations_iPhone = "UIInterfaceOrientationPortrait UIInterfaceOrientationLandscapeLeft UIInterfaceOrientationLandscapeRight";
				LD_RUNPATH_SEARCH_PATHS = (
					"$(inherited)",
					"@executable_path/Frameworks",
				);
				MARKETING_VERSION = 1.0;
				PRODUCT_BUNDLE_IDENTIFIER = "Xcode-Tutorial-Demo.test8";
				PRODUCT_NAME = "$(TARGET_NAME)";
				SWIFT_EMIT_LOC_STRINGS = YES;
				SWIFT_VERSION = 5.0;
				TARGETED_DEVICE_FAMILY = "1,2";
			};
			name = Debug;
		};
		E53C5C1629E3C00D00CA6D6C /* Release */ = {
			isa = XCBuildConfiguration;
			buildSettings = {
				ASSETCATALOG_COMPILER_APPICON_NAME = AppIcon;
				ASSETCATALOG_COMPILER_GLOBAL_ACCENT_COLOR_NAME = AccentColor;
				CODE_SIGN_STYLE = Automatic;
				CURRENT_PROJECT_VERSION = 1;
				DEVELOPMENT_TEAM = W8P9UV99ZR;
				GENERATE_INFOPLIST_FILE = YES;
				INFOPLIST_FILE = test8/Info.plist;
				INFOPLIST_KEY_UIApplicationSupportsIndirectInputEvents = YES;
				INFOPLIST_KEY_UILaunchStoryboardName = LaunchScreen;
				INFOPLIST_KEY_UIMainStoryboardFile = Main;
				INFOPLIST_KEY_UISupportedInterfaceOrientations_iPad = "UIInterfaceOrientationPortrait UIInterfaceOrientationPortraitUpsideDown UIInterfaceOrientationLandscapeLeft UIInterfaceOrientationLandscapeRight";
				INFOPLIST_KEY_UISupportedInterfaceOrientations_iPhone = "UIInterfaceOrientationPortrait UIInterfaceOrientationLandscapeLeft UIInterfaceOrientationLandscapeRight";
				LD_RUNPATH_SEARCH_PATHS = (
					"$(inherited)",
					"@executable_path/Frameworks",
				);
				MARKETING_VERSION = 1.0;
				PRODUCT_BUNDLE_IDENTIFIER = "Xcode-Tutorial-Demo.test8";
				PRODUCT_NAME = "$(TARGET_NAME)";
				SWIFT_EMIT_LOC_STRINGS = YES;
				SWIFT_VERSION = 5.0;
				TARGETED_DEVICE_FAMILY = "1,2";
			};
			name = Release;
		};
/* End XCBuildConfiguration section */

/* Begin XCConfigurationList section */
		E53C5BFB29E3C00C00CA6D6C /* Build configuration list for PBXProject "test8" */ = {
			isa = XCConfigurationList;
			buildConfigurations = (
				E53C5C1229E3C00D00CA6D6C /* Debug */,
				E53C5C1329E3C00D00CA6D6C /* Release */,
			);
			defaultConfigurationIsVisible = 0;
			defaultConfigurationName = Release;
		};
		E53C5C1429E3C00D00CA6D6C /* Build configuration list for PBXNativeTarget "test8" */ = {
			isa = XCConfigurationList;
			buildConfigurations = (
				E53C5C1529E3C00D00CA6D6C /* Debug */,
				E53C5C1629E3C00D00CA6D6C /* Release */,
			);
			defaultConfigurationIsVisible = 0;
			defaultConfigurationName = Release;
		};
/* End XCConfigurationList section */
	};
	rootObject = E53C5BF829E3C00C00CA6D6C /* Project object */;
}
